# THIS IS AN AUTOGENERATED FILE. DO NOT EDIT THIS FILE DIRECTLY.
# yarn lockfile v1


minimist@0.2.4:
  version "0.2.4"
  resolved "https://registry.yarnpkg.com/minimist/-/minimist-0.2.4.tgz#0085d5501e29033748a2f2a4da0180142697a475"
  integrity sha512-Pkrrm8NjyQ8yVt8Am9M+yUt74zE3iokhzbG1bFVNjLB92vwM71hf40RkEsryg98BujhVOncKm/C1xROxZ030LQ==
